
Microsoft Visual Studio Solution File, Format Version 12.00
# Visual Studio Version 16
VisualStudioVersion = 16.0.30717.126
MinimumVisualStudioVersion = 10.0.40219.1
Project("{9A19103F-16F7-4668-BE54-9A1E7A4F7556}") = "Todo.Web", "Todo.Web\Todo.Web.csproj", "{4FA70607-D07B-43CA-A655-4F068D0E93F0}"
EndProject
Global
	GlobalSection(SolutionConfigurationPlatforms) = preSolution
		Debug|Any CPU = Debug|Any CPU
		Release|Any CPU = Release|Any CPU
	EndGlobalSection
	GlobalSection(ProjectConfigurationPlatforms) = postSolution
		{4FA70607-D07B-43CA-A655-4F068D0E93F0}.Debug|Any CPU.ActiveCfg = Debug|Any CPU
		{4FA70607-D07B-43CA-A655-4F068D0E93F0}.Debug|Any CPU.Build.0 = Debug|Any CPU
		{4FA70607-D07B-43CA-A655-4F068D0E93F0}.Release|Any CPU.ActiveCfg = Release|Any CPU
		{4FA70607-D07B-43CA-A655-4F068D0E93F0}.Release|Any CPU.Build.0 = Release|Any CPU
	EndGlobalSection
	GlobalSection(SolutionProperties) = preSolution
		HideSolutionNode = FALSE
	EndGlobalSection
	GlobalSection(ExtensibilityGlobals) = postSolution
		SolutionGuid = {4CC35E72-2F36-4724-BDB5-F5D897928A36}
	EndGlobalSection
EndGlobal
